// !$*UTF8*$!
{
	archiveVersion = 1;
	classes = {
	};
	objectVersion = 46;
	objects = {

/* Begin PBXBuildFile section */
		4F6CA70A17D6C4D900BFFD1E /* UIKit.framework in Frameworks */ = {isa = PBXBuildFile; fileRef = 4F6CA70917D6C4D900BFFD1E /* UIKit.framework */; };
		4F6CA70C17D6C4D900BFFD1E /* Foundation.framework in Frameworks */ = {isa = PBXBuildFile; fileRef = 4F6CA70B17D6C4D900BFFD1E /* Foundation.framework */; };
		4F6CA70E17D6C4D900BFFD1E /* CoreGraphics.framework in Frameworks */ = {isa = PBXBuildFile; fileRef = 4F6CA70D17D6C4D900BFFD1E /* CoreGraphics.framework */; };
		4F6CA71417D6C4D900BFFD1E /* InfoPlist.strings in Resources */ = {isa = PBXBuildFile; fileRef = 4F6CA71217D6C4D900BFFD1E /* InfoPlist.strings */; };
		4F6CA71617D6C4D900BFFD1E /* main.m in Sources */ = {isa = PBXBuildFile; fileRef = 4F6CA71517D6C4D900BFFD1E /* main.m */; };
		4F6CA71A17D6C4D900BFFD1E /* COSAppDelegate.m in Sources */ = {isa = PBXBuildFile; fileRef = 4F6CA71917D6C4D900BFFD1E /* COSAppDelegate.m */; };
		4F6CA71C17D6C4D900BFFD1E /* Default.png in Resources */ = {isa = PBXBuildFile; fileRef = 4F6CA71B17D6C4D900BFFD1E /* Default.png */; };
		4F6CA71E17D6C4D900BFFD1E /* Default@2x.png in Resources */ = {isa = PBXBuildFile; fileRef = 4F6CA71D17D6C4D900BFFD1E /* Default@2x.png */; };
		4F6CA72017D6C4D900BFFD1E /* Default-568h@2x.png in Resources */ = {isa = PBXBuildFile; fileRef = 4F6CA71F17D6C4D900BFFD1E /* Default-568h@2x.png */; };
		4F6CA72317D6C4D900BFFD1E /* MainStoryboard_iPhone.storyboard in Resources */ = {isa = PBXBuildFile; fileRef = 4F6CA72117D6C4D900BFFD1E /* MainStoryboard_iPhone.storyboard */; };
		4F6CA72617D6C4D900BFFD1E /* MainStoryboard_iPad.storyboard in Resources */ = {isa = PBXBuildFile; fileRef = 4F6CA72417D6C4D900BFFD1E /* MainStoryboard_iPad.storyboard */; };
		4F6CA72917D6C4D900BFFD1E /* COSViewController.m in Sources */ = {isa = PBXBuildFile; fileRef = 4F6CA72817D6C4D900BFFD1E /* COSViewController.m */; };
		4F6CA73117D6C4D900BFFD1E /* SenTestingKit.framework in Frameworks */ = {isa = PBXBuildFile; fileRef = 4F6CA73017D6C4D900BFFD1E /* SenTestingKit.framework */; };
		4F6CA73217D6C4D900BFFD1E /* UIKit.framework in Frameworks */ = {isa = PBXBuildFile; fileRef = 4F6CA70917D6C4D900BFFD1E /* UIKit.framework */; };
		4F6CA73317D6C4D900BFFD1E /* Foundation.framework in Frameworks */ = {isa = PBXBuildFile; fileRef = 4F6CA70B17D6C4D900BFFD1E /* Foundation.framework */; };
		4F6CA73B17D6C4D900BFFD1E /* InfoPlist.strings in Resources */ = {isa = PBXBuildFile; fileRef = 4F6CA73917D6C4D900BFFD1E /* InfoPlist.strings */; };
		4F6CA73E17D6C4D900BFFD1E /* CloverExampleAppTests.m in Sources */ = {isa = PBXBuildFile; fileRef = 4F6CA73D17D6C4D900BFFD1E /* CloverExampleAppTests.m */; };
/* End PBXBuildFile section */

/* Begin PBXContainerItemProxy section */
		4F6CA73417D6C4D900BFFD1E /* PBXContainerItemProxy */ = {
			isa = PBXContainerItemProxy;
			containerPortal = 4F6CA6FE17D6C4D800BFFD1E /* Project object */;
			proxyType = 1;
			remoteGlobalIDString = 4F6CA70517D6C4D800BFFD1E;
			remoteInfo = CloverExampleApp;
		};
/* End PBXContainerItemProxy section */

/* Begin PBXFileReference section */
		4F6CA70617D6C4D900BFFD1E /* CloverExampleApp.app */ = {isa = PBXFileReference; explicitFileType = wrapper.application; includeInIndex = 0; path = CloverExampleApp.app; sourceTree = BUILT_PRODUCTS_DIR; };
		4F6CA70917D6C4D900BFFD1E /* UIKit.framework */ = {isa = PBXFileReference; lastKnownFileType = wrapper.framework; name = UIKit.framework; path = System/Library/Frameworks/UIKit.framework; sourceTree = SDKROOT; };
		4F6CA70B17D6C4D900BFFD1E /* Foundation.framework */ = {isa = PBXFileReference; lastKnownFileType = wrapper.framework; name = Foundation.framework; path = System/Library/Frameworks/Foundation.framework; sourceTree = SDKROOT; };
		4F6CA70D17D6C4D900BFFD1E /* CoreGraphics.framework */ = {isa = PBXFileReference; lastKnownFileType = wrapper.framework; name = CoreGraphics.framework; path = System/Library/Frameworks/CoreGraphics.framework; sourceTree = SDKROOT; };
		4F6CA71117D6C4D900BFFD1E /* CloverExampleApp-Info.plist */ = {isa = PBXFileReference; lastKnownFileType = text.plist.xml; path = "CloverExampleApp-Info.plist"; sourceTree = "<group>"; };
		4F6CA71317D6C4D900BFFD1E /* en */ = {isa = PBXFileReference; lastKnownFileType = text.plist.strings; name = en; path = en.lproj/InfoPlist.strings; sourceTree = "<group>"; };
		4F6CA71517D6C4D900BFFD1E /* main.m */ = {isa = PBXFileReference; lastKnownFileType = sourcecode.c.objc; path = main.m; sourceTree = "<group>"; };
		4F6CA71717D6C4D900BFFD1E /* CloverExampleApp-Prefix.pch */ = {isa = PBXFileReference; lastKnownFileType = sourcecode.c.h; path = "CloverExampleApp-Prefix.pch"; sourceTree = "<group>"; };
		4F6CA71817D6C4D900BFFD1E /* COSAppDelegate.h */ = {isa = PBXFileReference; lastKnownFileType = sourcecode.c.h; path = COSAppDelegate.h; sourceTree = "<group>"; };
		4F6CA71917D6C4D900BFFD1E /* COSAppDelegate.m */ = {isa = PBXFileReference; lastKnownFileType = sourcecode.c.objc; path = COSAppDelegate.m; sourceTree = "<group>"; };
		4F6CA71B17D6C4D900BFFD1E /* Default.png */ = {isa = PBXFileReference; lastKnownFileType = image.png; path = Default.png; sourceTree = "<group>"; };
		4F6CA71D17D6C4D900BFFD1E /* Default@2x.png */ = {isa = PBXFileReference; lastKnownFileType = image.png; path = "Default@2x.png"; sourceTree = "<group>"; };
		4F6CA71F17D6C4D900BFFD1E /* Default-568h@2x.png */ = {isa = PBXFileReference; lastKnownFileType = image.png; path = "Default-568h@2x.png"; sourceTree = "<group>"; };
		4F6CA72217D6C4D900BFFD1E /* en */ = {isa = PBXFileReference; lastKnownFileType = file.storyboard; name = en; path = en.lproj/MainStoryboard_iPhone.storyboard; sourceTree = "<group>"; };
		4F6CA72517D6C4D900BFFD1E /* en */ = {isa = PBXFileReference; lastKnownFileType = file.storyboard; name = en; path = en.lproj/MainStoryboard_iPad.storyboard; sourceTree = "<group>"; };
		4F6CA72717D6C4D900BFFD1E /* COSViewController.h */ = {isa = PBXFileReference; lastKnownFileType = sourcecode.c.h; path = COSViewController.h; sourceTree = "<group>"; };
		4F6CA72817D6C4D900BFFD1E /* COSViewController.m */ = {isa = PBXFileReference; lastKnownFileType = sourcecode.c.objc; path = COSViewController.m; sourceTree = "<group>"; };
		4F6CA72F17D6C4D900BFFD1E /* CloverExampleAppTests.octest */ = {isa = PBXFileReference; explicitFileType = wrapper.cfbundle; includeInIndex = 0; path = CloverExampleAppTests.octest; sourceTree = BUILT_PRODUCTS_DIR; };
		4F6CA73017D6C4D900BFFD1E /* SenTestingKit.framework */ = {isa = PBXFileReference; lastKnownFileType = wrapper.framework; name = SenTestingKit.framework; path = Library/Frameworks/SenTestingKit.framework; sourceTree = DEVELOPER_DIR; };
		4F6CA73817D6C4D900BFFD1E /* CloverExampleAppTests-Info.plist */ = {isa = PBXFileReference; lastKnownFileType = text.plist.xml; path = "CloverExampleAppTests-Info.plist"; sourceTree = "<group>"; };
		4F6CA73A17D6C4D900BFFD1E /* en */ = {isa = PBXFileReference; lastKnownFileType = text.plist.strings; name = en; path = en.lproj/InfoPlist.strings; sourceTree = "<group>"; };
		4F6CA73C17D6C4D900BFFD1E /* CloverExampleAppTests.h */ = {isa = PBXFileReference; lastKnownFileType = sourcecode.c.h; path = CloverExampleAppTests.h; sourceTree = "<group>"; };
		4F6CA73D17D6C4D900BFFD1E /* CloverExampleAppTests.m */ = {isa = PBXFileReference; lastKnownFileType = sourcecode.c.objc; path = CloverExampleAppTests.m; sourceTree = "<group>"; };
/* End PBXFileReference section */

/* Begin PBXFrameworksBuildPhase section */
		4F6CA70317D6C4D800BFFD1E /* Frameworks */ = {
			isa = PBXFrameworksBuildPhase;
			buildActionMask = 2147483647;
			files = (
				4F6CA70A17D6C4D900BFFD1E /* UIKit.framework in Frameworks */,
				4F6CA70C17D6C4D900BFFD1E /* Foundation.framework in Frameworks */,
				4F6CA70E17D6C4D900BFFD1E /* CoreGraphics.framework in Frameworks */,
			);
			runOnlyForDeploymentPostprocessing = 0;
		};
		4F6CA72B17D6C4D900BFFD1E /* Frameworks */ = {
			isa = PBXFrameworksBuildPhase;
			buildActionMask = 2147483647;
			files = (
				4F6CA73117D6C4D900BFFD1E /* SenTestingKit.framework in Frameworks */,
				4F6CA73217D6C4D900BFFD1E /* UIKit.framework in Frameworks */,
				4F6CA73317D6C4D900BFFD1E /* Foundation.framework in Frameworks */,
			);
			runOnlyForDeploymentPostprocessing = 0;
		};
/* End PBXFrameworksBuildPhase section */

/* Begin PBXGroup section */
		4F6CA6FD17D6C4D800BFFD1E = {
			isa = PBXGroup;
			children = (
				4F6CA70F17D6C4D900BFFD1E /* CloverExampleApp */,
				4F6CA73617D6C4D900BFFD1E /* CloverExampleAppTests */,
				4F6CA70817D6C4D900BFFD1E /* Frameworks */,
				4F6CA70717D6C4D900BFFD1E /* Products */,
			);
			sourceTree = "<group>";
		};
		4F6CA70717D6C4D900BFFD1E /* Products */ = {
			isa = PBXGroup;
			children = (
				4F6CA70617D6C4D900BFFD1E /* CloverExampleApp.app */,
				4F6CA72F17D6C4D900BFFD1E /* CloverExampleAppTests.octest */,
			);
			name = Products;
			sourceTree = "<group>";
		};
		4F6CA70817D6C4D900BFFD1E /* Frameworks */ = {
			isa = PBXGroup;
			children = (
				4F6CA70917D6C4D900BFFD1E /* UIKit.framework */,
				4F6CA70B17D6C4D900BFFD1E /* Foundation.framework */,
				4F6CA70D17D6C4D900BFFD1E /* CoreGraphics.framework */,
				4F6CA73017D6C4D900BFFD1E /* SenTestingKit.framework */,
			);
			name = Frameworks;
			sourceTree = "<group>";
		};
		4F6CA70F17D6C4D900BFFD1E /* CloverExampleApp */ = {
			isa = PBXGroup;
			children = (
				4F6CA71817D6C4D900BFFD1E /* COSAppDelegate.h */,
				4F6CA71917D6C4D900BFFD1E /* COSAppDelegate.m */,
				4F6CA72117D6C4D900BFFD1E /* MainStoryboard_iPhone.storyboard */,
				4F6CA72417D6C4D900BFFD1E /* MainStoryboard_iPad.storyboard */,
				4F6CA72717D6C4D900BFFD1E /* COSViewController.h */,
				4F6CA72817D6C4D900BFFD1E /* COSViewController.m */,
				4F6CA71017D6C4D900BFFD1E /* Supporting Files */,
			);
			path = CloverExampleApp;
			sourceTree = "<group>";
		};
		4F6CA71017D6C4D900BFFD1E /* Supporting Files */ = {
			isa = PBXGroup;
			children = (
				4F6CA71117D6C4D900BFFD1E /* CloverExampleApp-Info.plist */,
				4F6CA71217D6C4D900BFFD1E /* InfoPlist.strings */,
				4F6CA71517D6C4D900BFFD1E /* main.m */,
				4F6CA71717D6C4D900BFFD1E /* CloverExampleApp-Prefix.pch */,
				4F6CA71B17D6C4D900BFFD1E /* Default.png */,
				4F6CA71D17D6C4D900BFFD1E /* Default@2x.png */,
				4F6CA71F17D6C4D900BFFD1E /* Default-568h@2x.png */,
			);
			name = "Supporting Files";
			sourceTree = "<group>";
		};
		4F6CA73617D6C4D900BFFD1E /* CloverExampleAppTests */ = {
			isa = PBXGroup;
			children = (
				4F6CA73C17D6C4D900BFFD1E /* CloverExampleAppTests.h */,
				4F6CA73D17D6C4D900BFFD1E /* CloverExampleAppTests.m */,
				4F6CA73717D6C4D900BFFD1E /* Supporting Files */,
			);
			path = CloverExampleAppTests;
			sourceTree = "<group>";
		};
		4F6CA73717D6C4D900BFFD1E /* Supporting Files */ = {
			isa = PBXGroup;
			children = (
				4F6CA73817D6C4D900BFFD1E /* CloverExampleAppTests-Info.plist */,
				4F6CA73917D6C4D900BFFD1E /* InfoPlist.strings */,
			);
			name = "Supporting Files";
			sourceTree = "<group>";
		};
/* End PBXGroup section */

/* Begin PBXNativeTarget section */
		4F6CA70517D6C4D800BFFD1E /* CloverExampleApp */ = {
			isa = PBXNativeTarget;
			buildConfigurationList = 4F6CA74117D6C4D900BFFD1E /* Build configuration list for PBXNativeTarget "CloverExampleApp" */;
			buildPhases = (
				4F6CA70217D6C4D800BFFD1E /* Sources */,
				4F6CA70317D6C4D800BFFD1E /* Frameworks */,
				4F6CA70417D6C4D800BFFD1E /* Resources */,
			);
			buildRules = (
			);
			dependencies = (
			);
			name = CloverExampleApp;
			productName = CloverExampleApp;
			productReference = 4F6CA70617D6C4D900BFFD1E /* CloverExampleApp.app */;
			productType = "com.apple.product-type.application";
		};
		4F6CA72E17D6C4D900BFFD1E /* CloverExampleAppTests */ = {
			isa = PBXNativeTarget;
			buildConfigurationList = 4F6CA74417D6C4D900BFFD1E /* Build configuration list for PBXNativeTarget "CloverExampleAppTests" */;
			buildPhases = (
				4F6CA72A17D6C4D900BFFD1E /* Sources */,
				4F6CA72B17D6C4D900BFFD1E /* Frameworks */,
				4F6CA72C17D6C4D900BFFD1E /* Resources */,
				4F6CA72D17D6C4D900BFFD1E /* ShellScript */,
			);
			buildRules = (
			);
			dependencies = (
				4F6CA73517D6C4D900BFFD1E /* PBXTargetDependency */,
			);
			name = CloverExampleAppTests;
			productName = CloverExampleAppTests;
			productReference = 4F6CA72F17D6C4D900BFFD1E /* CloverExampleAppTests.octest */;
			productType = "com.apple.product-type.bundle";
		};
/* End PBXNativeTarget section */

/* Begin PBXProject section */
		4F6CA6FE17D6C4D800BFFD1E /* Project object */ = {
			isa = PBXProject;
			attributes = {
				CLASSPREFIX = COS;
				LastUpgradeCheck = 0460;
				ORGANIZATIONNAME = "Josh Wilson";
			};
			buildConfigurationList = 4F6CA70117D6C4D800BFFD1E /* Build configuration list for PBXProject "CloverExampleApp" */;
			compatibilityVersion = "Xcode 3.2";
			developmentRegion = English;
			hasScannedForEncodings = 0;
			knownRegions = (
				en,
			);
			mainGroup = 4F6CA6FD17D6C4D800BFFD1E;
			productRefGroup = 4F6CA70717D6C4D900BFFD1E /* Products */;
			projectDirPath = "";
			projectRoot = "";
			targets = (
				4F6CA70517D6C4D800BFFD1E /* CloverExampleApp */,
				4F6CA72E17D6C4D900BFFD1E /* CloverExampleAppTests */,
			);
		};
/* End PBXProject section */

/* Begin PBXResourcesBuildPhase section */
		4F6CA70417D6C4D800BFFD1E /* Resources */ = {
			isa = PBXResourcesBuildPhase;
			buildActionMask = 2147483647;
			files = (
				4F6CA71417D6C4D900BFFD1E /* InfoPlist.strings in Resources */,
				4F6CA71C17D6C4D900BFFD1E /* Default.png in Resources */,
				4F6CA71E17D6C4D900BFFD1E /* Default@2x.png in Resources */,
				4F6CA72017D6C4D900BFFD1E /* Default-568h@2x.png in Resources */,
				4F6CA72317D6C4D900BFFD1E /* MainStoryboard_iPhone.storyboard in Resources */,
				4F6CA72617D6C4D900BFFD1E /* MainStoryboard_iPad.storyboard in Resources */,
			);
			runOnlyForDeploymentPostprocessing = 0;
		};
		4F6CA72C17D6C4D900BFFD1E /* Resources */ = {
			isa = PBXResourcesBuildPhase;
			buildActionMask = 2147483647;
			files = (
				4F6CA73B17D6C4D900BFFD1E /* InfoPlist.strings in Resources */,
			);
			runOnlyForDeploymentPostprocessing = 0;
		};
/* End PBXResourcesBuildPhase section */

/* Begin PBXShellScriptBuildPhase section */
		4F6CA72D17D6C4D900BFFD1E /* ShellScript */ = {
			isa = PBXShellScriptBuildPhase;
			buildActionMask = 2147483647;
			files = (
			);
			inputPaths = (
			);
			outputPaths = (
			);
			runOnlyForDeploymentPostprocessing = 0;
			shellPath = /bin/sh;
			shellScript = "# Run the unit tests in this test bundle.\n\"${SYSTEM_DEVELOPER_DIR}/Tools/RunUnitTests\"\n";
		};
/* End PBXShellScriptBuildPhase section */

/* Begin PBXSourcesBuildPhase section */
		4F6CA70217D6C4D800BFFD1E /* Sources */ = {
			isa = PBXSourcesBuildPhase;
			buildActionMask = 2147483647;
			files = (
				4F6CA71617D6C4D900BFFD1E /* main.m in Sources */,
				4F6CA71A17D6C4D900BFFD1E /* COSAppDelegate.m in Sources */,
				4F6CA72917D6C4D900BFFD1E /* COSViewController.m in Sources */,
			);
			runOnlyForDeploymentPostprocessing = 0;
		};
		4F6CA72A17D6C4D900BFFD1E /* Sources */ = {
			isa = PBXSourcesBuildPhase;
			buildActionMask = 2147483647;
			files = (
				4F6CA73E17D6C4D900BFFD1E /* CloverExampleAppTests.m in Sources */,
			);
			runOnlyForDeploymentPostprocessing = 0;
		};
/* End PBXSourcesBuildPhase section */

/* Begin PBXTargetDependency section */
		4F6CA73517D6C4D900BFFD1E /* PBXTargetDependency */ = {
			isa = PBXTargetDependency;
			target = 4F6CA70517D6C4D800BFFD1E /* CloverExampleApp */;
			targetProxy = 4F6CA73417D6C4D900BFFD1E /* PBXContainerItemProxy */;
		};
/* End PBXTargetDependency section */

/* Begin PBXVariantGroup section */
		4F6CA71217D6C4D900BFFD1E /* InfoPlist.strings */ = {
			isa = PBXVariantGroup;
			children = (
				4F6CA71317D6C4D900BFFD1E /* en */,
			);
			name = InfoPlist.strings;
			sourceTree = "<group>";
		};
		4F6CA72117D6C4D900BFFD1E /* MainStoryboard_iPhone.storyboard */ = {
			isa = PBXVariantGroup;
			children = (
				4F6CA72217D6C4D900BFFD1E /* en */,
			);
			name = MainStoryboard_iPhone.storyboard;
			sourceTree = "<group>";
		};
		4F6CA72417D6C4D900BFFD1E /* MainStoryboard_iPad.storyboard */ = {
			isa = PBXVariantGroup;
			children = (
				4F6CA72517D6C4D900BFFD1E /* en */,
			);
			name = MainStoryboard_iPad.storyboard;
			sourceTree = "<group>";
		};
		4F6CA73917D6C4D900BFFD1E /* InfoPlist.strings */ = {
			isa = PBXVariantGroup;
			children = (
				4F6CA73A17D6C4D900BFFD1E /* en */,
			);
			name = InfoPlist.strings;
			sourceTree = "<group>";
		};
/* End PBXVariantGroup section */

/* Begin XCBuildConfiguration section */
		4F6CA73F17D6C4D900BFFD1E /* Debug */ = {
			isa = XCBuildConfiguration;
			buildSettings = {
				ALWAYS_SEARCH_USER_PATHS = NO;
				CLANG_CXX_LANGUAGE_STANDARD = "gnu++0x";
				CLANG_CXX_LIBRARY = "libc++";
				CLANG_ENABLE_OBJC_ARC = YES;
				CLANG_WARN_CONSTANT_CONVERSION = YES;
				CLANG_WARN_EMPTY_BODY = YES;
				CLANG_WARN_ENUM_CONVERSION = YES;
				CLANG_WARN_INT_CONVERSION = YES;
				CLANG_WARN__DUPLICATE_METHOD_MATCH = YES;
				"CODE_SIGN_IDENTITY[sdk=iphoneos*]" = "iPhone Developer";
				COPY_PHASE_STRIP = NO;
				GCC_C_LANGUAGE_STANDARD = gnu99;
				GCC_DYNAMIC_NO_PIC = NO;
				GCC_OPTIMIZATION_LEVEL = 0;
				GCC_PREPROCESSOR_DEFINITIONS = (
					"DEBUG=1",
					"$(inherited)",
				);
				GCC_SYMBOLS_PRIVATE_EXTERN = NO;
				GCC_WARN_ABOUT_RETURN_TYPE = YES;
				GCC_WARN_UNINITIALIZED_AUTOS = YES;
				GCC_WARN_UNUSED_VARIABLE = YES;
				IPHONEOS_DEPLOYMENT_TARGET = 6.1;
				ONLY_ACTIVE_ARCH = YES;
				SDKROOT = iphoneos;
				TARGETED_DEVICE_FAMILY = "1,2";
			};
			name = Debug;
		};
		4F6CA74017D6C4D900BFFD1E /* Release */ = {
			isa = XCBuildConfiguration;
			buildSettings = {
				ALWAYS_SEARCH_USER_PATHS = NO;
				CLANG_CXX_LANGUAGE_STANDARD = "gnu++0x";
				CLANG_CXX_LIBRARY = "libc++";
				CLANG_ENABLE_OBJC_ARC = YES;
				CLANG_WARN_CONSTANT_CONVERSION = YES;
				CLANG_WARN_EMPTY_BODY = YES;
				CLANG_WARN_ENUM_CONVERSION = YES;
				CLANG_WARN_INT_CONVERSION = YES;
				CLANG_WARN__DUPLICATE_METHOD_MATCH = YES;
				"CODE_SIGN_IDENTITY[sdk=iphoneos*]" = "iPhone Developer";
				COPY_PHASE_STRIP = YES;
				GCC_C_LANGUAGE_STANDARD = gnu99;
				GCC_WARN_ABOUT_RETURN_TYPE = YES;
				GCC_WARN_UNINITIALIZED_AUTOS = YES;
				GCC_WARN_UNUSED_VARIABLE = YES;
				IPHONEOS_DEPLOYMENT_TARGET = 6.1;
				OTHER_CFLAGS = "-DNS_BLOCK_ASSERTIONS=1";
				SDKROOT = iphoneos;
				TARGETED_DEVICE_FAMILY = "1,2";
				VALIDATE_PRODUCT = YES;
			};
			name = Release;
		};
		4F6CA74217D6C4D900BFFD1E /* Debug */ = {
			isa = XCBuildConfiguration;
			buildSettings = {
				GCC_PRECOMPILE_PREFIX_HEADER = YES;
				GCC_PREFIX_HEADER = "CloverExampleApp/CloverExampleApp-Prefix.pch";
				INFOPLIST_FILE = "CloverExampleApp/CloverExampleApp-Info.plist";
				PRODUCT_NAME = "$(TARGET_NAME)";
				WRAPPER_EXTENSION = app;
			};
			name = Debug;
		};
		4F6CA74317D6C4D900BFFD1E /* Release */ = {
			isa = XCBuildConfiguration;
			buildSettings = {
				GCC_PRECOMPILE_PREFIX_HEADER = YES;
				GCC_PREFIX_HEADER = "CloverExampleApp/CloverExampleApp-Prefix.pch";
				INFOPLIST_FILE = "CloverExampleApp/CloverExampleApp-Info.plist";
				PRODUCT_NAME = "$(TARGET_NAME)";
				WRAPPER_EXTENSION = app;
			};
			name = Release;
		};
		4F6CA74517D6C4D900BFFD1E /* Debug */ = {
			isa = XCBuildConfiguration;
			buildSettings = {
				BUNDLE_LOADER = "$(BUILT_PRODUCTS_DIR)/CloverExampleApp.app/CloverExampleApp";
				FRAMEWORK_SEARCH_PATHS = (
					"\"$(SDKROOT)/Developer/Library/Frameworks\"",
					"\"$(DEVELOPER_LIBRARY_DIR)/Frameworks\"",
				);
				GCC_PRECOMPILE_PREFIX_HEADER = YES;
				GCC_PREFIX_HEADER = "CloverExampleApp/CloverExampleApp-Prefix.pch";
				INFOPLIST_FILE = "CloverExampleAppTests/CloverExampleAppTests-Info.plist";
				PRODUCT_NAME = "$(TARGET_NAME)";
				TEST_HOST = "$(BUNDLE_LOADER)";
				WRAPPER_EXTENSION = octest;
			};
			name = Debug;
		};
		4F6CA74617D6C4D900BFFD1E /* Release */ = {
			isa = XCBuildConfiguration;
			buildSettings = {
				BUNDLE_LOADER = "$(BUILT_PRODUCTS_DIR)/CloverExampleApp.app/CloverExampleApp";
				FRAMEWORK_SEARCH_PATHS = (
					"\"$(SDKROOT)/Developer/Library/Frameworks\"",
					"\"$(DEVELOPER_LIBRARY_DIR)/Frameworks\"",
				);
				GCC_PRECOMPILE_PREFIX_HEADER = YES;
				GCC_PREFIX_HEADER = "CloverExampleApp/CloverExampleApp-Prefix.pch";
				INFOPLIST_FILE = "CloverExampleAppTests/CloverExampleAppTests-Info.plist";
				PRODUCT_NAME = "$(TARGET_NAME)";
				TEST_HOST = "$(BUNDLE_LOADER)";
				WRAPPER_EXTENSION = octest;
			};
			name = Release;
		};
/* End XCBuildConfiguration section */

/* Begin XCConfigurationList section */
		4F6CA70117D6C4D800BFFD1E /* Build configuration list for PBXProject "CloverExampleApp" */ = {
			isa = XCConfigurationList;
			buildConfigurations = (
				4F6CA73F17D6C4D900BFFD1E /* Debug */,
				4F6CA74017D6C4D900BFFD1E /* Release */,
			);
			defaultConfigurationIsVisible = 0;
			defaultConfigurationName = Release;
		};
		4F6CA74117D6C4D900BFFD1E /* Build configuration list for PBXNativeTarget "CloverExampleApp" */ = {
			isa = XCConfigurationList;
			buildConfigurations = (
				4F6CA74217D6C4D900BFFD1E /* Debug */,
				4F6CA74317D6C4D900BFFD1E /* Release */,
			);
			defaultConfigurationIsVisible = 0;
		};
		4F6CA74417D6C4D900BFFD1E /* Build configuration list for PBXNativeTarget "CloverExampleAppTests" */ = {
			isa = XCConfigurationList;
			buildConfigurations = (
				4F6CA74517D6C4D900BFFD1E /* Debug */,
				4F6CA74617D6C4D900BFFD1E /* Release */,
			);
			defaultConfigurationIsVisible = 0;
		};
/* End XCConfigurationList section */
	};
	rootObject = 4F6CA6FE17D6C4D800BFFD1E /* Project object */;
}
